data:
  cmd: python -m spacy run data
  script:
    - python ./scripts/parse_data.py assets/annotations.jsonl data/train.spacy data/dev.spacy
      data/test.spacy
  deps:
    - path: assets/annotations.jsonl
      md5: 82bb4d1828057a91dd86085f70fb4991
  outs:
    - path: data/train.spacy
      md5: 2b570a59e9cc4dbfc89e2bc2a07ea308
    - path: data/dev.spacy
      md5: 7fb0c7c231d68e2daacb63db3096a3cc
    - path: data/test.spacy
      md5: f8068e2d934af0322752a0c776ad00a2
  spacy_version: 3.5.4
  spacy_git_version: 7a2833bf2
evaluate:
  cmd: python -m spacy run evaluate
  script:
    - python ./scripts/evaluate.py training/model-best data/test.spacy False
  deps:
    - path: training/model-best
      md5: 46cb65a392cfa31171bc8ffcf497a7a6
    - path: data/test.spacy
      md5: f8068e2d934af0322752a0c776ad00a2
  outs: []
  spacy_version: 3.5.4
  spacy_git_version: 7a2833bf2
